
Microsoft Visual Studio Solution File, Format Version 12.00
# Visual Studio Version 17
VisualStudioVersion = 17.13.35931.197 d17.13
MinimumVisualStudioVersion = 10.0.40219.1
Project("{FAE04EC0-301F-11D3-BF4B-00C04F79EFBC}") = "Food", "Food\Food.csproj", "{B31A1530-A94A-414E-94CA-2670645E3634}"
EndProject
Global
	GlobalSection(SolutionConfigurationPlatforms) = preSolution
		Debug|Any CPU = Debug|Any CPU
		Release|Any CPU = Release|Any CPU
	EndGlobalSection
	GlobalSection(ProjectConfigurationPlatforms) = postSolution
		{B31A1530-A94A-414E-94CA-2670645E3634}.Debug|Any CPU.ActiveCfg = Debug|Any CPU
		{B31A1530-A94A-414E-94CA-2670645E3634}.Debug|Any CPU.Build.0 = Debug|Any CPU
		{B31A1530-A94A-414E-94CA-2670645E3634}.Release|Any CPU.ActiveCfg = Release|Any CPU
		{B31A1530-A94A-414E-94CA-2670645E3634}.Release|Any CPU.Build.0 = Release|Any CPU
	EndGlobalSection
	GlobalSection(SolutionProperties) = preSolution
		HideSolutionNode = FALSE
	EndGlobalSection
	GlobalSection(ExtensibilityGlobals) = postSolution
		SolutionGuid = {EF3D0394-E31B-4FCF-8EE0-FC488B79BE0F}
	EndGlobalSection
EndGlobal
